
Microsoft Visual Studio Solution File, Format Version 12.00
# Visual Studio 14
VisualStudioVersion = 14.0.25123.0
MinimumVisualStudioVersion = 10.0.40219.1
Project("{FAE04EC0-301F-11D3-BF4B-00C04F79EFBC}") = "Bank2Kasa", "Bank2Kasa\Bank2Kasa.csproj", "{0D532466-CAB4-437C-9524-E9D1FFDD7953}"
EndProject
Project("{FAE04EC0-301F-11D3-BF4B-00C04F79EFBC}") = "BTreeFileUtil", "BTreeFileUtil\BTreeFileUtil.csproj", "{0C0C5057-0A84-46CC-9AFC-A2A04412FB84}"
EndProject
Project("{FAE04EC0-301F-11D3-BF4B-00C04F79EFBC}") = "WUHelper", "WUHelper\WUHelper.csproj", "{60146EA3-E75D-4FB6-8EDF-E68B20C64DAC}"
EndProject
Project("{FAE04EC0-301F-11D3-BF4B-00C04F79EFBC}") = "UnitTests", "UnitTests\UnitTests.csproj", "{812807F2-EB8A-45CF-9D59-76F88CB38295}"
EndProject
Project("{FAE04EC0-301F-11D3-BF4B-00C04F79EFBC}") = "WUKasa", "WUKasa\WUKasa.csproj", "{5928C566-6275-4DC0-911B-93D25E574471}"
EndProject
Project("{FAE04EC0-301F-11D3-BF4B-00C04F79EFBC}") = "mBankData", "mBankData\mBankData.csproj", "{35B6FB5E-8397-471A-83CF-0771FD27B1B7}"
EndProject
Global
	GlobalSection(SolutionConfigurationPlatforms) = preSolution
		Debug|Any CPU = Debug|Any CPU
		Release|Any CPU = Release|Any CPU
	EndGlobalSection
	GlobalSection(ProjectConfigurationPlatforms) = postSolution
		{0D532466-CAB4-437C-9524-E9D1FFDD7953}.Debug|Any CPU.ActiveCfg = Debug|Any CPU
		{0D532466-CAB4-437C-9524-E9D1FFDD7953}.Debug|Any CPU.Build.0 = Debug|Any CPU
		{0D532466-CAB4-437C-9524-E9D1FFDD7953}.Release|Any CPU.ActiveCfg = Release|Any CPU
		{0D532466-CAB4-437C-9524-E9D1FFDD7953}.Release|Any CPU.Build.0 = Release|Any CPU
		{0C0C5057-0A84-46CC-9AFC-A2A04412FB84}.Debug|Any CPU.ActiveCfg = Debug|Any CPU
		{0C0C5057-0A84-46CC-9AFC-A2A04412FB84}.Debug|Any CPU.Build.0 = Debug|Any CPU
		{0C0C5057-0A84-46CC-9AFC-A2A04412FB84}.Release|Any CPU.ActiveCfg = Release|Any CPU
		{0C0C5057-0A84-46CC-9AFC-A2A04412FB84}.Release|Any CPU.Build.0 = Release|Any CPU
		{60146EA3-E75D-4FB6-8EDF-E68B20C64DAC}.Debug|Any CPU.ActiveCfg = Debug|Any CPU
		{60146EA3-E75D-4FB6-8EDF-E68B20C64DAC}.Debug|Any CPU.Build.0 = Debug|Any CPU
		{60146EA3-E75D-4FB6-8EDF-E68B20C64DAC}.Release|Any CPU.ActiveCfg = Release|Any CPU
		{60146EA3-E75D-4FB6-8EDF-E68B20C64DAC}.Release|Any CPU.Build.0 = Release|Any CPU
		{812807F2-EB8A-45CF-9D59-76F88CB38295}.Debug|Any CPU.ActiveCfg = Debug|Any CPU
		{812807F2-EB8A-45CF-9D59-76F88CB38295}.Debug|Any CPU.Build.0 = Debug|Any CPU
		{812807F2-EB8A-45CF-9D59-76F88CB38295}.Release|Any CPU.ActiveCfg = Release|Any CPU
		{812807F2-EB8A-45CF-9D59-76F88CB38295}.Release|Any CPU.Build.0 = Release|Any CPU
		{5928C566-6275-4DC0-911B-93D25E574471}.Debug|Any CPU.ActiveCfg = Debug|Any CPU
		{5928C566-6275-4DC0-911B-93D25E574471}.Debug|Any CPU.Build.0 = Debug|Any CPU
		{5928C566-6275-4DC0-911B-93D25E574471}.Release|Any CPU.ActiveCfg = Release|Any CPU
		{5928C566-6275-4DC0-911B-93D25E574471}.Release|Any CPU.Build.0 = Release|Any CPU
		{35B6FB5E-8397-471A-83CF-0771FD27B1B7}.Debug|Any CPU.ActiveCfg = Debug|Any CPU
		{35B6FB5E-8397-471A-83CF-0771FD27B1B7}.Debug|Any CPU.Build.0 = Debug|Any CPU
		{35B6FB5E-8397-471A-83CF-0771FD27B1B7}.Release|Any CPU.ActiveCfg = Release|Any CPU
		{35B6FB5E-8397-471A-83CF-0771FD27B1B7}.Release|Any CPU.Build.0 = Release|Any CPU
	EndGlobalSection
	GlobalSection(SolutionProperties) = preSolution
		HideSolutionNode = FALSE
	EndGlobalSection
EndGlobal
